
Microsoft Visual Studio Solution File, Format Version 12.00
# Visual Studio Version 16
VisualStudioVersion = 16.0.810.18
MinimumVisualStudioVersion = 10.0.40219.1
Project("{FAE04EC0-301F-11D3-BF4B-00C04F79EFBC}") = "Projekt_Programowaniev2", "Projekt_Programowaniev2.csproj", "{96ED5B74-0812-4CED-BADD-5B80C38E05F9}"
EndProject
Global
	GlobalSection(SolutionConfigurationPlatforms) = preSolution
		Debug|Any CPU = Debug|Any CPU
		Release|Any CPU = Release|Any CPU
	EndGlobalSection
	GlobalSection(ProjectConfigurationPlatforms) = postSolution
		{96ED5B74-0812-4CED-BADD-5B80C38E05F9}.Debug|Any CPU.ActiveCfg = Debug|Any CPU
		{96ED5B74-0812-4CED-BADD-5B80C38E05F9}.Debug|Any CPU.Build.0 = Debug|Any CPU
		{96ED5B74-0812-4CED-BADD-5B80C38E05F9}.Release|Any CPU.ActiveCfg = Release|Any CPU
		{96ED5B74-0812-4CED-BADD-5B80C38E05F9}.Release|Any CPU.Build.0 = Release|Any CPU
	EndGlobalSection
	GlobalSection(SolutionProperties) = preSolution
		HideSolutionNode = FALSE
	EndGlobalSection
	GlobalSection(ExtensibilityGlobals) = postSolution
		SolutionGuid = {EAE83A29-D981-4BFD-A06B-17F3B65A9ECA}
	EndGlobalSection
EndGlobal
